
Microsoft Visual Studio Solution File, Format Version 12.00
# Visual Studio Version 17
VisualStudioVersion = 17.2.32630.192
MinimumVisualStudioVersion = 10.0.40219.1
Project("{FAE04EC0-301F-11D3-BF4B-00C04F79EFBC}") = "SLADNTT", "SLADNTT\SLADNTT.csproj", "{820E9341-DF0D-49E3-B12B-7BC3ADCCE328}"
EndProject
Project("{FAE04EC0-301F-11D3-BF4B-00C04F79EFBC}") = "TreeLib", "TreeLib\TreeLib.csproj", "{DBA2F893-7C97-4256-8A1E-B4B076965137}"
EndProject
Global
	GlobalSection(SolutionConfigurationPlatforms) = preSolution
		Debug|Any CPU = Debug|Any CPU
		Release|Any CPU = Release|Any CPU
	EndGlobalSection
	GlobalSection(ProjectConfigurationPlatforms) = postSolution
		{820E9341-DF0D-49E3-B12B-7BC3ADCCE328}.Debug|Any CPU.ActiveCfg = Debug|Any CPU
		{820E9341-DF0D-49E3-B12B-7BC3ADCCE328}.Debug|Any CPU.Build.0 = Debug|Any CPU
		{820E9341-DF0D-49E3-B12B-7BC3ADCCE328}.Release|Any CPU.ActiveCfg = Release|Any CPU
		{820E9341-DF0D-49E3-B12B-7BC3ADCCE328}.Release|Any CPU.Build.0 = Release|Any CPU
		{DBA2F893-7C97-4256-8A1E-B4B076965137}.Debug|Any CPU.ActiveCfg = Debug|Any CPU
		{DBA2F893-7C97-4256-8A1E-B4B076965137}.Debug|Any CPU.Build.0 = Debug|Any CPU
		{DBA2F893-7C97-4256-8A1E-B4B076965137}.Release|Any CPU.ActiveCfg = Release|Any CPU
		{DBA2F893-7C97-4256-8A1E-B4B076965137}.Release|Any CPU.Build.0 = Release|Any CPU
	EndGlobalSection
	GlobalSection(SolutionProperties) = preSolution
		HideSolutionNode = FALSE
	EndGlobalSection
	GlobalSection(ExtensibilityGlobals) = postSolution
		SolutionGuid = {C3670952-0FC8-444F-AD38-3A4155FC31A2}
	EndGlobalSection
EndGlobal
